
Microsoft Visual Studio Solution File, Format Version 12.00
# Visual Studio Version 16
VisualStudioVersion = 16.0.30114.105
MinimumVisualStudioVersion = 10.0.40219.1
Project("{FAE04EC0-301F-11D3-BF4B-00C04F79EFBC}") = "GeorgianComputers", "GeorgianComputers.csproj", "{D758EF2A-4F54-4DD1-80CB-C7FD5CD7A77D}"
EndProject
Global
	GlobalSection(SolutionConfigurationPlatforms) = preSolution
		Debug|Any CPU = Debug|Any CPU
		Release|Any CPU = Release|Any CPU
	EndGlobalSection
	GlobalSection(ProjectConfigurationPlatforms) = postSolution
		{D758EF2A-4F54-4DD1-80CB-C7FD5CD7A77D}.Debug|Any CPU.ActiveCfg = Debug|Any CPU
		{D758EF2A-4F54-4DD1-80CB-C7FD5CD7A77D}.Debug|Any CPU.Build.0 = Debug|Any CPU
		{D758EF2A-4F54-4DD1-80CB-C7FD5CD7A77D}.Release|Any CPU.ActiveCfg = Release|Any CPU
		{D758EF2A-4F54-4DD1-80CB-C7FD5CD7A77D}.Release|Any CPU.Build.0 = Release|Any CPU
	EndGlobalSection
	GlobalSection(SolutionProperties) = preSolution
		HideSolutionNode = FALSE
	EndGlobalSection
	GlobalSection(ExtensibilityGlobals) = postSolution
		SolutionGuid = {B6C8C034-DBBD-48F9-AAEC-8BD8B2370C84}
	EndGlobalSection
EndGlobal
